// !$*UTF8*$!
{
	archiveVersion = 1;
	classes = {
	};
	objectVersion = 50;
	objects = {

/* Begin PBXBuildFile section */
		841163AF24792DDD00A517BC /* New1ViewController.swift in Sources */ = {isa = PBXBuildFile; fileRef = 841163AD24792DDD00A517BC /* New1ViewController.swift */; };
		841163B024792DDD00A517BC /* New1ViewController.xib in Resources */ = {isa = PBXBuildFile; fileRef = 841163AE24792DDD00A517BC /* New1ViewController.xib */; };
		841163B4247A00BD00A517BC /* New2ViewController.swift in Sources */ = {isa = PBXBuildFile; fileRef = 841163B2247A00BD00A517BC /* New2ViewController.swift */; };
		841163B5247A00BD00A517BC /* New2ViewController.xib in Resources */ = {isa = PBXBuildFile; fileRef = 841163B3247A00BD00A517BC /* New2ViewController.xib */; };
		84E41D4E24790C8A004DDD57 /* AppDelegate.swift in Sources */ = {isa = PBXBuildFile; fileRef = 84E41D4D24790C8A004DDD57 /* AppDelegate.swift */; };
		84E41D5224790C8A004DDD57 /* ViewController.swift in Sources */ = {isa = PBXBuildFile; fileRef = 84E41D5124790C8A004DDD57 /* ViewController.swift */; };
		84E41D5724790C8C004DDD57 /* Assets.xcassets in Resources */ = {isa = PBXBuildFile; fileRef = 84E41D5624790C8C004DDD57 /* Assets.xcassets */; };
		84E41D5A24790C8C004DDD57 /* LaunchScreen.storyboard in Resources */ = {isa = PBXBuildFile; fileRef = 84E41D5824790C8C004DDD57 /* LaunchScreen.storyboard */; };
/* End PBXBuildFile section */

/* Begin PBXFileReference section */
		841163AD24792DDD00A517BC /* New1ViewController.swift */ = {isa = PBXFileReference; lastKnownFileType = sourcecode.swift; path = New1ViewController.swift; sourceTree = "<group>"; };
		841163AE24792DDD00A517BC /* New1ViewController.xib */ = {isa = PBXFileReference; lastKnownFileType = file.xib; path = New1ViewController.xib; sourceTree = "<group>"; };
		841163B2247A00BD00A517BC /* New2ViewController.swift */ = {isa = PBXFileReference; lastKnownFileType = sourcecode.swift; path = New2ViewController.swift; sourceTree = "<group>"; };
		841163B3247A00BD00A517BC /* New2ViewController.xib */ = {isa = PBXFileReference; lastKnownFileType = file.xib; path = New2ViewController.xib; sourceTree = "<group>"; };
		84E41D4A24790C8A004DDD57 /* test503.app */ = {isa = PBXFileReference; explicitFileType = wrapper.application; includeInIndex = 0; path = test503.app; sourceTree = BUILT_PRODUCTS_DIR; };
		84E41D4D24790C8A004DDD57 /* AppDelegate.swift */ = {isa = PBXFileReference; lastKnownFileType = sourcecode.swift; path = AppDelegate.swift; sourceTree = "<group>"; };
		84E41D5124790C8A004DDD57 /* ViewController.swift */ = {isa = PBXFileReference; lastKnownFileType = sourcecode.swift; path = ViewController.swift; sourceTree = "<group>"; };
		84E41D5624790C8C004DDD57 /* Assets.xcassets */ = {isa = PBXFileReference; lastKnownFileType = folder.assetcatalog; path = Assets.xcassets; sourceTree = "<group>"; };
		84E41D5924790C8C004DDD57 /* Base */ = {isa = PBXFileReference; lastKnownFileType = file.storyboard; name = Base; path = Base.lproj/LaunchScreen.storyboard; sourceTree = "<group>"; };
		84E41D5B24790C8C004DDD57 /* Info.plist */ = {isa = PBXFileReference; lastKnownFileType = text.plist.xml; path = Info.plist; sourceTree = "<group>"; };
/* End PBXFileReference section */

/* Begin PBXFrameworksBuildPhase section */
		84E41D4724790C8A004DDD57 /* Frameworks */ = {
			isa = PBXFrameworksBuildPhase;
			buildActionMask = 2147483647;
			files = (
			);
			runOnlyForDeploymentPostprocessing = 0;
		};
/* End PBXFrameworksBuildPhase section */

/* Begin PBXGroup section */
		841163B1247A00B000A517BC /* Classes2 */ = {
			isa = PBXGroup;
			children = (
				841163B2247A00BD00A517BC /* New2ViewController.swift */,
				841163B3247A00BD00A517BC /* New2ViewController.xib */,
			);
			path = Classes2;
			sourceTree = "<group>";
		};
		84E41D4124790C8A004DDD57 = {
			isa = PBXGroup;
			children = (
				84E41D4C24790C8A004DDD57 /* test503 */,
				84E41D4B24790C8A004DDD57 /* Products */,
			);
			sourceTree = "<group>";
		};
		84E41D4B24790C8A004DDD57 /* Products */ = {
			isa = PBXGroup;
			children = (
				84E41D4A24790C8A004DDD57 /* test503.app */,
			);
			name = Products;
			sourceTree = "<group>";
		};
		84E41D4C24790C8A004DDD57 /* test503 */ = {
			isa = PBXGroup;
			children = (
				841163B1247A00B000A517BC /* Classes2 */,
				84E41D4D24790C8A004DDD57 /* AppDelegate.swift */,
				84E41D5124790C8A004DDD57 /* ViewController.swift */,
				84E41D5624790C8C004DDD57 /* Assets.xcassets */,
				84E41D5824790C8C004DDD57 /* LaunchScreen.storyboard */,
				84E41D5B24790C8C004DDD57 /* Info.plist */,
				841163AD24792DDD00A517BC /* New1ViewController.swift */,
				841163AE24792DDD00A517BC /* New1ViewController.xib */,
			);
			path = test503;
			sourceTree = "<group>";
		};
/* End PBXGroup section */

/* Begin PBXNativeTarget section */
		84E41D4924790C8A004DDD57 /* test503 */ = {
			isa = PBXNativeTarget;
			buildConfigurationList = 84E41D5E24790C8C004DDD57 /* Build configuration list for PBXNativeTarget "test503" */;
			buildPhases = (
				84E41D4624790C8A004DDD57 /* Sources */,
				84E41D4724790C8A004DDD57 /* Frameworks */,
				84E41D4824790C8A004DDD57 /* Resources */,
			);
			buildRules = (
			);
			dependencies = (
			);
			name = test503;
			productName = test503;
			productReference = 84E41D4A24790C8A004DDD57 /* test503.app */;
			productType = "com.apple.product-type.application";
		};
/* End PBXNativeTarget section */

/* Begin PBXProject section */
		84E41D4224790C8A004DDD57 /* Project object */ = {
			isa = PBXProject;
			attributes = {
				LastSwiftUpdateCheck = 1130;
				LastUpgradeCheck = 1130;
				ORGANIZATIONNAME = admin;
				TargetAttributes = {
					84E41D4924790C8A004DDD57 = {
						CreatedOnToolsVersion = 11.3.1;
					};
				};
			};
			buildConfigurationList = 84E41D4524790C8A004DDD57 /* Build configuration list for PBXProject "test503" */;
			compatibilityVersion = "Xcode 9.3";
			developmentRegion = en;
			hasScannedForEncodings = 0;
			knownRegions = (
				en,
				Base,
			);
			mainGroup = 84E41D4124790C8A004DDD57;
			productRefGroup = 84E41D4B24790C8A004DDD57 /* Products */;
			projectDirPath = "";
			projectRoot = "";
			targets = (
				84E41D4924790C8A004DDD57 /* test503 */,
			);
		};
/* End PBXProject section */

/* Begin PBXResourcesBuildPhase section */
		84E41D4824790C8A004DDD57 /* Resources */ = {
			isa = PBXResourcesBuildPhase;
			buildActionMask = 2147483647;
			files = (
				84E41D5A24790C8C004DDD57 /* LaunchScreen.storyboard in Resources */,
				841163B024792DDD00A517BC /* New1ViewController.xib in Resources */,
				841163B5247A00BD00A517BC /* New2ViewController.xib in Resources */,
				84E41D5724790C8C004DDD57 /* Assets.xcassets in Resources */,
			);
			runOnlyForDeploymentPostprocessing = 0;
		};
/* End PBXResourcesBuildPhase section */

/* Begin PBXSourcesBuildPhase section */
		84E41D4624790C8A004DDD57 /* Sources */ = {
			isa = PBXSourcesBuildPhase;
			buildActionMask = 2147483647;
			files = (
				84E41D5224790C8A004DDD57 /* ViewController.swift in Sources */,
				841163AF24792DDD00A517BC /* New1ViewController.swift in Sources */,
				841163B4247A00BD00A517BC /* New2ViewController.swift in Sources */,
				84E41D4E24790C8A004DDD57 /* AppDelegate.swift in Sources */,
			);
			runOnlyForDeploymentPostprocessing = 0;
		};
/* End PBXSourcesBuildPhase section */

/* Begin PBXVariantGroup section */
		84E41D5824790C8C004DDD57 /* LaunchScreen.storyboard */ = {
			isa = PBXVariantGroup;
			children = (
				84E41D5924790C8C004DDD57 /* Base */,
			);
			name = LaunchScreen.storyboard;
			sourceTree = "<group>";
		};
/* End PBXVariantGroup section */

/* Begin XCBuildConfiguration section */
		84E41D5C24790C8C004DDD57 /* Debug */ = {
			isa = XCBuildConfiguration;
			buildSettings = {
				ALWAYS_SEARCH_USER_PATHS = NO;
				CLANG_ANALYZER_NONNULL = YES;
				CLANG_ANALYZER_NUMBER_OBJECT_CONVERSION = YES_AGGRESSIVE;
				CLANG_CXX_LANGUAGE_STANDARD = "gnu++14";
				CLANG_CXX_LIBRARY = "libc++";
				CLANG_ENABLE_MODULES = YES;
				CLANG_ENABLE_OBJC_ARC = YES;
				CLANG_ENABLE_OBJC_WEAK = YES;
				CLANG_WARN_BLOCK_CAPTURE_AUTORELEASING = YES;
				CLANG_WARN_BOOL_CONVERSION = YES;
				CLANG_WARN_COMMA = YES;
				CLANG_WARN_CONSTANT_CONVERSION = YES;
				CLANG_WARN_DEPRECATED_OBJC_IMPLEMENTATIONS = YES;
				CLANG_WARN_DIRECT_OBJC_ISA_USAGE = YES_ERROR;
				CLANG_WARN_DOCUMENTATION_COMMENTS = YES;
				CLANG_WARN_EMPTY_BODY = YES;
				CLANG_WARN_ENUM_CONVERSION = YES;
				CLANG_WARN_INFINITE_RECURSION = YES;
				CLANG_WARN_INT_CONVERSION = YES;
				CLANG_WARN_NON_LITERAL_NULL_CONVERSION = YES;
				CLANG_WARN_OBJC_IMPLICIT_RETAIN_SELF = YES;
				CLANG_WARN_OBJC_LITERAL_CONVERSION = YES;
				CLANG_WARN_OBJC_ROOT_CLASS = YES_ERROR;
				CLANG_WARN_RANGE_LOOP_ANALYSIS = YES;
				CLANG_WARN_STRICT_PROTOTYPES = YES;
				CLANG_WARN_SUSPICIOUS_MOVE = YES;
				CLANG_WARN_UNGUARDED_AVAILABILITY = YES_AGGRESSIVE;
				CLANG_WARN_UNREACHABLE_CODE = YES;
				CLANG_WARN__DUPLICATE_METHOD_MATCH = YES;
				COPY_PHASE_STRIP = NO;
				DEBUG_INFORMATION_FORMAT = dwarf;
				ENABLE_STRICT_OBJC_MSGSEND = YES;
				ENABLE_TESTABILITY = YES;
				GCC_C_LANGUAGE_STANDARD = gnu11;
				GCC_DYNAMIC_NO_PIC = NO;
				GCC_NO_COMMON_BLOCKS = YES;
				GCC_OPTIMIZATION_LEVEL = 0;
				GCC_PREPROCESSOR_DEFINITIONS = (
					"DEBUG=1",
					"$(inherited)",
				);
				GCC_WARN_64_TO_32_BIT_CONVERSION = YES;
				GCC_WARN_ABOUT_RETURN_TYPE = YES_ERROR;
				GCC_WARN_UNDECLARED_SELECTOR = YES;
				GCC_WARN_UNINITIALIZED_AUTOS = YES_AGGRESSIVE;
				GCC_WARN_UNUSED_FUNCTION = YES;
				GCC_WARN_UNUSED_VARIABLE = YES;
				IPHONEOS_DEPLOYMENT_TARGET = 13.2;
				MTL_ENABLE_DEBUG_INFO = INCLUDE_SOURCE;
				MTL_FAST_MATH = YES;
				ONLY_ACTIVE_ARCH = YES;
				SDKROOT = iphoneos;
				SWIFT_ACTIVE_COMPILATION_CONDITIONS = DEBUG;
				SWIFT_OPTIMIZATION_LEVEL = "-Onone";
			};
			name = Debug;
		};
		84E41D5D24790C8C004DDD57 /* Release */ = {
			isa = XCBuildConfiguration;
			buildSettings = {
				ALWAYS_SEARCH_USER_PATHS = NO;
				CLANG_ANALYZER_NONNULL = YES;
				CLANG_ANALYZER_NUMBER_OBJECT_CONVERSION = YES_AGGRESSIVE;
				CLANG_CXX_LANGUAGE_STANDARD = "gnu++14";
				CLANG_CXX_LIBRARY = "libc++";
				CLANG_ENABLE_MODULES = YES;
				CLANG_ENABLE_OBJC_ARC = YES;
				CLANG_ENABLE_OBJC_WEAK = YES;
				CLANG_WARN_BLOCK_CAPTURE_AUTORELEASING = YES;
				CLANG_WARN_BOOL_CONVERSION = YES;
				CLANG_WARN_COMMA = YES;
				CLANG_WARN_CONSTANT_CONVERSION = YES;
				CLANG_WARN_DEPRECATED_OBJC_IMPLEMENTATIONS = YES;
				CLANG_WARN_DIRECT_OBJC_ISA_USAGE = YES_ERROR;
				CLANG_WARN_DOCUMENTATION_COMMENTS = YES;
				CLANG_WARN_EMPTY_BODY = YES;
				CLANG_WARN_ENUM_CONVERSION = YES;
				CLANG_WARN_INFINITE_RECURSION = YES;
				CLANG_WARN_INT_CONVERSION = YES;
				CLANG_WARN_NON_LITERAL_NULL_CONVERSION = YES;
				CLANG_WARN_OBJC_IMPLICIT_RETAIN_SELF = YES;
				CLANG_WARN_OBJC_LITERAL_CONVERSION = YES;
				CLANG_WARN_OBJC_ROOT_CLASS = YES_ERROR;
				CLANG_WARN_RANGE_LOOP_ANALYSIS = YES;
				CLANG_WARN_STRICT_PROTOTYPES = YES;
				CLANG_WARN_SUSPICIOUS_MOVE = YES;
				CLANG_WARN_UNGUARDED_AVAILABILITY = YES_AGGRESSIVE;
				CLANG_WARN_UNREACHABLE_CODE = YES;
				CLANG_WARN__DUPLICATE_METHOD_MATCH = YES;
				COPY_PHASE_STRIP = NO;
				DEBUG_INFORMATION_FORMAT = "dwarf-with-dsym";
				ENABLE_NS_ASSERTIONS = NO;
				ENABLE_STRICT_OBJC_MSGSEND = YES;
				GCC_C_LANGUAGE_STANDARD = gnu11;
				GCC_NO_COMMON_BLOCKS = YES;
				GCC_WARN_64_TO_32_BIT_CONVERSION = YES;
				GCC_WARN_ABOUT_RETURN_TYPE = YES_ERROR;
				GCC_WARN_UNDECLARED_SELECTOR = YES;
				GCC_WARN_UNINITIALIZED_AUTOS = YES_AGGRESSIVE;
				GCC_WARN_UNUSED_FUNCTION = YES;
				GCC_WARN_UNUSED_VARIABLE = YES;
				IPHONEOS_DEPLOYMENT_TARGET = 13.2;
				MTL_ENABLE_DEBUG_INFO = NO;
				MTL_FAST_MATH = YES;
				SDKROOT = iphoneos;
				SWIFT_COMPILATION_MODE = wholemodule;
				SWIFT_OPTIMIZATION_LEVEL = "-O";
				VALIDATE_PRODUCT = YES;
			};
			name = Release;
		};
		84E41D5F24790C8C004DDD57 /* Debug */ = {
			isa = XCBuildConfiguration;
			buildSettings = {
				ASSETCATALOG_COMPILER_APPICON_NAME = AppIcon;
				CODE_SIGN_STYLE = Automatic;
				INFOPLIST_FILE = test503/Info.plist;
				LD_RUNPATH_SEARCH_PATHS = (
					"$(inherited)",
					"@executable_path/Frameworks",
				);
				PRODUCT_BUNDLE_IDENTIFIER = com.suhopal.test503;
				PRODUCT_NAME = "$(TARGET_NAME)";
				SWIFT_VERSION = 5.0;
				TARGETED_DEVICE_FAMILY = "1,2";
			};
			name = Debug;
		};
		84E41D6024790C8C004DDD57 /* Release */ = {
			isa = XCBuildConfiguration;
			buildSettings = {
				ASSETCATALOG_COMPILER_APPICON_NAME = AppIcon;
				CODE_SIGN_STYLE = Automatic;
				INFOPLIST_FILE = test503/Info.plist;
				LD_RUNPATH_SEARCH_PATHS = (
					"$(inherited)",
					"@executable_path/Frameworks",
				);
				PRODUCT_BUNDLE_IDENTIFIER = com.suhopal.test503;
				PRODUCT_NAME = "$(TARGET_NAME)";
				SWIFT_VERSION = 5.0;
				TARGETED_DEVICE_FAMILY = "1,2";
			};
			name = Release;
		};
/* End XCBuildConfiguration section */

/* Begin XCConfigurationList section */
		84E41D4524790C8A004DDD57 /* Build configuration list for PBXProject "test503" */ = {
			isa = XCConfigurationList;
			buildConfigurations = (
				84E41D5C24790C8C004DDD57 /* Debug */,
				84E41D5D24790C8C004DDD57 /* Release */,
			);
			defaultConfigurationIsVisible = 0;
			defaultConfigurationName = Release;
		};
		84E41D5E24790C8C004DDD57 /* Build configuration list for PBXNativeTarget "test503" */ = {
			isa = XCConfigurationList;
			buildConfigurations = (
				84E41D5F24790C8C004DDD57 /* Debug */,
				84E41D6024790C8C004DDD57 /* Release */,
			);
			defaultConfigurationIsVisible = 0;
			defaultConfigurationName = Release;
		};
/* End XCConfigurationList section */
	};
	rootObject = 84E41D4224790C8A004DDD57 /* Project object */;
}
